
Microsoft Visual Studio Solution File, Format Version 12.00
# Visual Studio Version 17
VisualStudioVersion = 17.8.34330.188
MinimumVisualStudioVersion = 10.0.40219.1
Project("{FAE04EC0-301F-11D3-BF4B-00C04F79EFBC}") = "lab06", "lab06\lab06.csproj", "{FE9D00A5-FE4B-4BE2-AA30-F84C310C3E8E}"
EndProject
Global
	GlobalSection(SolutionConfigurationPlatforms) = preSolution
		Debug|Any CPU = Debug|Any CPU
		Release|Any CPU = Release|Any CPU
	EndGlobalSection
	GlobalSection(ProjectConfigurationPlatforms) = postSolution
		{FE9D00A5-FE4B-4BE2-AA30-F84C310C3E8E}.Debug|Any CPU.ActiveCfg = Debug|Any CPU
		{FE9D00A5-FE4B-4BE2-AA30-F84C310C3E8E}.Debug|Any CPU.Build.0 = Debug|Any CPU
		{FE9D00A5-FE4B-4BE2-AA30-F84C310C3E8E}.Release|Any CPU.ActiveCfg = Release|Any CPU
		{FE9D00A5-FE4B-4BE2-AA30-F84C310C3E8E}.Release|Any CPU.Build.0 = Release|Any CPU
	EndGlobalSection
	GlobalSection(SolutionProperties) = preSolution
		HideSolutionNode = FALSE
	EndGlobalSection
	GlobalSection(ExtensibilityGlobals) = postSolution
		SolutionGuid = {8F85CB04-CC7E-4972-B4B0-D3A1481C2B29}
	EndGlobalSection
EndGlobal
